{
  "originHash" : "a76c9c2c204ba0b89ed0c5e9a0244e3c7c0be87b1c8fa66b3f0a3e2e2c6cbc5d",
  "pins" : [
    {
      "identity" : "keyboardshortcuts",
      "kind" : "remoteSourceControl",
      "location" : "https://github.com/sindresorhus/KeyboardShortcuts",
      "state" : {
        "revision" : "045cf174010beb335fa1d2567d18c057b8787165",
        "version" : "2.3.0"
      }
    }
  ],
  "version" : 3
}
