// !$*UTF8*$!
{
	archiveVersion = 1;
	classes = {
	};
	objectVersion = 56;
	objects = {

/* Begin PBXBuildFile section */
		A001000000000001 /* VTSApp.swift in Sources */ = {isa = PBXBuildFile; fileRef = A000000000000001 /* VTSApp.swift */; };
		A001000000000002 /* ContentView.swift in Sources */ = {isa = PBXBuildFile; fileRef = A000000000000002 /* ContentView.swift */; };
		A001000000000003 /* AudioLevelView.swift in Sources */ = {isa = PBXBuildFile; fileRef = A000000000000003 /* AudioLevelView.swift */; };
		A001000000000004 /* SettingsWindowController.swift in Sources */ = {isa = PBXBuildFile; fileRef = A000000000000004 /* SettingsWindowController.swift */; };
		A001000000000005 /* SimpleHotkeyManager.swift in Sources */ = {isa = PBXBuildFile; fileRef = A000000000000005 /* SimpleHotkeyManager.swift */; };
		A001000000000006 /* Assets.xcassets in Resources */ = {isa = PBXBuildFile; fileRef = A000000000000006 /* Assets.xcassets */; };
		A001000000000007 /* Preview Assets.xcassets in Resources */ = {isa = PBXBuildFile; fileRef = A000000000000007 /* Preview Assets.xcassets */; };
		A001000000000010 /* AsyncExtensions.swift in Sources */ = {isa = PBXBuildFile; fileRef = A000000000000010 /* AsyncExtensions.swift */; };
		A001000000000011 /* ErrorTranslator.swift in Sources */ = {isa = PBXBuildFile; fileRef = A000000000000011 /* ErrorTranslator.swift */; };
		A001000000000012 /* TranscriptionModels.swift in Sources */ = {isa = PBXBuildFile; fileRef = A000000000000012 /* TranscriptionModels.swift */; };
		A001000000000013 /* RetryContext.swift in Sources */ = {isa = PBXBuildFile; fileRef = A000000000000013 /* RetryContext.swift */; };
		A001000000000014 /* OpenAIProvider.swift in Sources */ = {isa = PBXBuildFile; fileRef = A000000000000014 /* OpenAIProvider.swift */; };
		A001000000000015 /* BaseSTTProvider.swift in Sources */ = {isa = PBXBuildFile; fileRef = A000000000000015 /* BaseSTTProvider.swift */; };
		A001000000000016 /* GroqProvider.swift in Sources */ = {isa = PBXBuildFile; fileRef = A000000000000016 /* GroqProvider.swift */; };
		A001000000000017 /* NotificationManager.swift in Sources */ = {isa = PBXBuildFile; fileRef = A000000000000017 /* NotificationManager.swift */; };
		A001000000000018 /* CaptureEngine.swift in Sources */ = {isa = PBXBuildFile; fileRef = A000000000000018 /* CaptureEngine.swift */; };
		A001000000000019 /* DeviceManager.swift in Sources */ = {isa = PBXBuildFile; fileRef = A000000000000019 /* DeviceManager.swift */; };
		A001000000000020 /* TranscriptionService.swift in Sources */ = {isa = PBXBuildFile; fileRef = A000000000000020 /* TranscriptionService.swift */; };
		A001000000000021 /* STTProvider.swift in Sources */ = {isa = PBXBuildFile; fileRef = A000000000000021 /* STTProvider.swift */; };
		A001000000000030 /* KeychainAccess in Frameworks */ = {isa = PBXBuildFile; productRef = A003000000000001 /* KeychainAccess */; };
		A001000000000031 /* KeyboardShortcuts in Frameworks */ = {isa = PBXBuildFile; productRef = A003000000000002 /* KeyboardShortcuts */; };
/* End PBXBuildFile section */

/* Begin PBXFileReference section */
		A000000000000000 /* VTSApp.app */ = {isa = PBXFileReference; explicitFileType = wrapper.application; includeInIndex = 0; path = VTSApp.app; sourceTree = BUILT_PRODUCTS_DIR; };
		A000000000000001 /* VTSApp.swift */ = {isa = PBXFileReference; lastKnownFileType = sourcecode.swift; path = VTSApp.swift; sourceTree = "<group>"; };
		A000000000000002 /* ContentView.swift */ = {isa = PBXFileReference; lastKnownFileType = sourcecode.swift; path = ContentView.swift; sourceTree = "<group>"; };
		A000000000000003 /* AudioLevelView.swift */ = {isa = PBXFileReference; lastKnownFileType = sourcecode.swift; path = AudioLevelView.swift; sourceTree = "<group>"; };
		A000000000000004 /* SettingsWindowController.swift */ = {isa = PBXFileReference; lastKnownFileType = sourcecode.swift; path = SettingsWindowController.swift; sourceTree = "<group>"; };
		A000000000000005 /* SimpleHotkeyManager.swift */ = {isa = PBXFileReference; lastKnownFileType = sourcecode.swift; path = SimpleHotkeyManager.swift; sourceTree = "<group>"; };
		A000000000000006 /* Assets.xcassets */ = {isa = PBXFileReference; lastKnownFileType = folder.assetcatalog; path = Assets.xcassets; sourceTree = "<group>"; };
		A000000000000007 /* Preview Assets.xcassets */ = {isa = PBXFileReference; lastKnownFileType = folder.assetcatalog; path = "Preview Assets.xcassets"; sourceTree = "<group>"; };
		A000000000000008 /* VTSApp.entitlements */ = {isa = PBXFileReference; lastKnownFileType = text.plist.entitlements; path = VTSApp.entitlements; sourceTree = "<group>"; };
		A000000000000009 /* Info.plist */ = {isa = PBXFileReference; lastKnownFileType = text.plist.xml; path = Info.plist; sourceTree = "<group>"; };
		A000000000000010 /* AsyncExtensions.swift */ = {isa = PBXFileReference; lastKnownFileType = sourcecode.swift; path = AsyncExtensions.swift; sourceTree = "<group>"; };
		A000000000000011 /* ErrorTranslator.swift */ = {isa = PBXFileReference; lastKnownFileType = sourcecode.swift; path = ErrorTranslator.swift; sourceTree = "<group>"; };
		A000000000000012 /* TranscriptionModels.swift */ = {isa = PBXFileReference; lastKnownFileType = sourcecode.swift; path = TranscriptionModels.swift; sourceTree = "<group>"; };
		A000000000000013 /* RetryContext.swift */ = {isa = PBXFileReference; lastKnownFileType = sourcecode.swift; path = RetryContext.swift; sourceTree = "<group>"; };
		A000000000000014 /* OpenAIProvider.swift */ = {isa = PBXFileReference; lastKnownFileType = sourcecode.swift; path = OpenAIProvider.swift; sourceTree = "<group>"; };
		A000000000000015 /* BaseSTTProvider.swift */ = {isa = PBXFileReference; lastKnownFileType = sourcecode.swift; path = BaseSTTProvider.swift; sourceTree = "<group>"; };
		A000000000000016 /* GroqProvider.swift */ = {isa = PBXFileReference; lastKnownFileType = sourcecode.swift; path = GroqProvider.swift; sourceTree = "<group>"; };
		A000000000000017 /* NotificationManager.swift */ = {isa = PBXFileReference; lastKnownFileType = sourcecode.swift; path = NotificationManager.swift; sourceTree = "<group>"; };
		A000000000000018 /* CaptureEngine.swift */ = {isa = PBXFileReference; lastKnownFileType = sourcecode.swift; path = CaptureEngine.swift; sourceTree = "<group>"; };
		A000000000000019 /* DeviceManager.swift */ = {isa = PBXFileReference; lastKnownFileType = sourcecode.swift; path = DeviceManager.swift; sourceTree = "<group>"; };
		A000000000000020 /* TranscriptionService.swift */ = {isa = PBXFileReference; lastKnownFileType = sourcecode.swift; path = TranscriptionService.swift; sourceTree = "<group>"; };
		A000000000000021 /* STTProvider.swift */ = {isa = PBXFileReference; lastKnownFileType = sourcecode.swift; path = STTProvider.swift; sourceTree = "<group>"; };
/* End PBXFileReference section */

/* Begin PBXFrameworksBuildPhase section */
		A002000000000001 /* Frameworks */ = {
			isa = PBXFrameworksBuildPhase;
			buildActionMask = 2147483647;
			files = (
				A001000000000030 /* KeychainAccess in Frameworks */,
				A001000000000031 /* KeyboardShortcuts in Frameworks */,
			);
			runOnlyForDeploymentPostprocessing = 0;
		};
/* End PBXFrameworksBuildPhase section */

/* Begin PBXGroup section */
		A004000000000001 = {
			isa = PBXGroup;
			children = (
				A004000000000002 /* VTSApp */,
				A004000000000003 /* Products */,
			);
			sourceTree = "<group>";
		};
		A004000000000002 /* VTSApp */ = {
			isa = PBXGroup;
			children = (
				A000000000000001 /* VTSApp.swift */,
				A000000000000002 /* ContentView.swift */,
				A000000000000003 /* AudioLevelView.swift */,
				A000000000000004 /* SettingsWindowController.swift */,
				A000000000000005 /* SimpleHotkeyManager.swift */,
				A004000000000004 /* VTS */,
				A000000000000006 /* Assets.xcassets */,
				A000000000000008 /* VTSApp.entitlements */,
				A000000000000009 /* Info.plist */,
				A004000000000005 /* Preview Content */,
			);
			path = VTSApp;
			sourceTree = "<group>";
		};
		A004000000000003 /* Products */ = {
			isa = PBXGroup;
			children = (
				A000000000000000 /* VTSApp.app */,
			);
			name = Products;
			sourceTree = "<group>";
		};
		A004000000000004 /* VTS */ = {
			isa = PBXGroup;
			children = (
				A004000000000006 /* Extensions */,
				A004000000000007 /* Utils */,
				A004000000000008 /* Models */,
				A004000000000009 /* Providers */,
				A004000000000010 /* Services */,
				A004000000000011 /* Protocols */,
			);
			path = VTS;	
			sourceTree = "<group>";
		};
		A004000000000005 /* Preview Content */ = {
			isa = PBXGroup;
			children = (
				A000000000000007 /* Preview Assets.xcassets */,
			);
			path = "Preview Content";
			sourceTree = "<group>";
		};
		A004000000000006 /* Extensions */ = {
			isa = PBXGroup;
			children = (
				A000000000000010 /* AsyncExtensions.swift */,
			);
			path = Extensions;
			sourceTree = "<group>";
		};
		A004000000000007 /* Utils */ = {
			isa = PBXGroup;
			children = (
				A000000000000011 /* ErrorTranslator.swift */,
			);
			path = Utils;
			sourceTree = "<group>";
		};
		A004000000000008 /* Models */ = {
			isa = PBXGroup;
			children = (
				A000000000000012 /* TranscriptionModels.swift */,
				A000000000000013 /* RetryContext.swift */,
			);
			path = Models;
			sourceTree = "<group>";
		};
		A004000000000009 /* Providers */ = {
			isa = PBXGroup;
			children = (
				A000000000000014 /* OpenAIProvider.swift */,
				A000000000000015 /* BaseSTTProvider.swift */,
				A000000000000016 /* GroqProvider.swift */,
			);
			path = Providers;
			sourceTree = "<group>";
		};
		A004000000000010 /* Services */ = {
			isa = PBXGroup;
			children = (
				A000000000000017 /* NotificationManager.swift */,
				A000000000000018 /* CaptureEngine.swift */,
				A000000000000019 /* DeviceManager.swift */,
				A000000000000020 /* TranscriptionService.swift */,
			);
			path = Services;
			sourceTree = "<group>";
		};
		A004000000000011 /* Protocols */ = {
			isa = PBXGroup;
			children = (
				A000000000000021 /* STTProvider.swift */,
			);
			path = Protocols;
			sourceTree = "<group>";
		};
/* End PBXGroup section */

/* Begin PBXNativeTarget section */
		A005000000000001 /* VTSApp */ = {
			isa = PBXNativeTarget;
			buildConfigurationList = A006000000000001 /* Build configuration list for PBXNativeTarget "VTSApp" */;
			buildPhases = (
				A002000000000002 /* Sources */,
				A002000000000001 /* Frameworks */,
				A002000000000003 /* Resources */,
			);
			buildRules = (
			);
			dependencies = (
			);
			name = VTSApp;
			packageProducts = (
				A003000000000001 /* KeychainAccess */,
				A003000000000002 /* KeyboardShortcuts */,
			);
			productName = VTSApp;
			productReference = A000000000000000 /* VTSApp.app */;
			productType = "com.apple.product-type.application";
		};
/* End PBXNativeTarget section */

/* Begin PBXProject section */
		A007000000000001 /* Project object */ = {
			isa = PBXProject;
			attributes = {
				BuildIndependentTargetsInParallel = 1;
				LastSwiftUpdateCheck = 1540;
				LastUpgradeCheck = 1540;
				TargetAttributes = {
					A005000000000001 = {
						CreatedOnToolsVersion = 15.4;
					};
				};
			};
			buildConfigurationList = A006000000000002 /* Build configuration list for PBXProject "VTSApp" */;
			compatibilityVersion = "Xcode 14.0";
			developmentRegion = en;
			hasScannedForEncodings = 0;
			knownRegions = (
				en,
				Base,
			);
			mainGroup = A004000000000001;
			packageReferences = (
				A003000000000003 /* XCRemoteSwiftPackageReference "KeychainAccess" */,
				A003000000000004 /* XCRemoteSwiftPackageReference "KeyboardShortcuts" */,
			);
			productRefGroup = A004000000000003 /* Products */;
			projectDirPath = "";
			projectRoot = "";
			targets = (
				A005000000000001 /* VTSApp */,
			);
		};
/* End PBXProject section */

/* Begin PBXResourcesBuildPhase section */
		A002000000000003 /* Resources */ = {
			isa = PBXResourcesBuildPhase;
			buildActionMask = 2147483647;
			files = (
				A001000000000007 /* Preview Assets.xcassets in Resources */,
				A001000000000006 /* Assets.xcassets in Resources */,
			);
			runOnlyForDeploymentPostprocessing = 0;
		};
/* End PBXResourcesBuildPhase section */

/* Begin PBXSourcesBuildPhase section */
		A002000000000002 /* Sources */ = {
			isa = PBXSourcesBuildPhase;
			buildActionMask = 2147483647;
			files = (
				A001000000000002 /* ContentView.swift in Sources */,
				A001000000000001 /* VTSApp.swift in Sources */,
				A001000000000003 /* AudioLevelView.swift in Sources */,
				A001000000000004 /* SettingsWindowController.swift in Sources */,
				A001000000000005 /* SimpleHotkeyManager.swift in Sources */,
				A001000000000010 /* AsyncExtensions.swift in Sources */,
				A001000000000011 /* ErrorTranslator.swift in Sources */,
				A001000000000012 /* TranscriptionModels.swift in Sources */,
				A001000000000013 /* RetryContext.swift in Sources */,
				A001000000000014 /* OpenAIProvider.swift in Sources */,
				A001000000000015 /* BaseSTTProvider.swift in Sources */,
				A001000000000016 /* GroqProvider.swift in Sources */,
				A001000000000017 /* NotificationManager.swift in Sources */,
				A001000000000018 /* CaptureEngine.swift in Sources */,
				A001000000000019 /* DeviceManager.swift in Sources */,
				A001000000000020 /* TranscriptionService.swift in Sources */,
				A001000000000021 /* STTProvider.swift in Sources */,
			);
			runOnlyForDeploymentPostprocessing = 0;
		};
/* End PBXSourcesBuildPhase section */

/* Begin XCBuildConfiguration section */
		A008000000000001 /* Debug */ = {
			isa = XCBuildConfiguration;
			buildSettings = {
				ALWAYS_SEARCH_USER_PATHS = NO;
				ASSETCATALOG_COMPILER_GENERATE_SWIFT_ASSET_SYMBOL_EXTENSIONS = YES;
				CLANG_ANALYZER_NONNULL = YES;
				CLANG_ANALYZER_NUMBER_OBJECT_CONVERSION = YES_AGGRESSIVE;
				CLANG_CXX_LANGUAGE_STANDARD = "gnu++20";
				CLANG_ENABLE_MODULES = YES;
				CLANG_ENABLE_OBJC_ARC = YES;
				CLANG_ENABLE_OBJC_WEAK = YES;
				CLANG_WARN_BLOCK_CAPTURE_AUTORELEASING = YES;
				CLANG_WARN_BOOL_CONVERSION = YES;
				CLANG_WARN_COMMA = YES;
				CLANG_WARN_CONSTANT_CONVERSION = YES;
				CLANG_WARN_DEPRECATED_OBJC_IMPLEMENTATIONS = YES;
				CLANG_WARN_DIRECT_OBJC_ISA_USAGE = YES_ERROR;
				CLANG_WARN_DOCUMENTATION_COMMENTS = YES;
				CLANG_WARN_EMPTY_BODY = YES;
				CLANG_WARN_ENUM_CONVERSION = YES;
				CLANG_WARN_INFINITE_RECURSION = YES;
				CLANG_WARN_INT_CONVERSION = YES;
				CLANG_WARN_NON_LITERAL_NULL_CONVERSION = YES;
				CLANG_WARN_OBJC_IMPLICIT_RETAIN_SELF = YES;
				CLANG_WARN_OBJC_LITERAL_CONVERSION = YES;
				CLANG_WARN_OBJC_ROOT_CLASS = YES_ERROR;
				CLANG_WARN_QUOTED_INCLUDE_IN_FRAMEWORK_HEADER = YES;
				CLANG_WARN_RANGE_LOOP_ANALYSIS = YES;
				CLANG_WARN_STRICT_PROTOTYPES = YES;
				CLANG_WARN_SUSPICIOUS_MOVE = YES;
				CLANG_WARN_UNGUARDED_AVAILABILITY = YES_AGGRESSIVE;
				CLANG_WARN_UNREACHABLE_CODE = YES;
				CLANG_WARN__DUPLICATE_METHOD_MATCH = YES;
				COPY_PHASE_STRIP = NO;
				DEBUG_INFORMATION_FORMAT = dwarf;
				ENABLE_STRICT_OBJC_MSGSEND = YES;
				ENABLE_TESTABILITY = YES;
				ENABLE_USER_SCRIPT_SANDBOXING = YES;
				GCC_C_LANGUAGE_STANDARD = gnu17;
				GCC_DYNAMIC_NO_PIC = NO;
				GCC_NO_COMMON_BLOCKS = YES;
				GCC_OPTIMIZATION_LEVEL = 0;
				GCC_PREPROCESSOR_DEFINITIONS = (
					"DEBUG=1",
					"$(inherited)",
				);
				GCC_WARN_64_TO_32_BIT_CONVERSION = YES;
				GCC_WARN_ABOUT_RETURN_TYPE = YES_ERROR;
				GCC_WARN_UNDECLARED_SELECTOR = YES;
				GCC_WARN_UNINITIALIZED_AUTOS = YES_AGGRESSIVE;
				GCC_WARN_UNUSED_FUNCTION = YES;
				GCC_WARN_UNUSED_VARIABLE = YES;
				LOCALIZATION_PREFERS_STRING_CATALOGS = YES;
				MACOSX_DEPLOYMENT_TARGET = 14.0;
				MTL_ENABLE_DEBUG_INFO = INCLUDE_SOURCE;
				MTL_FAST_MATH = YES;
				ONLY_ACTIVE_ARCH = YES;
				SDKROOT = macosx;
				SWIFT_ACTIVE_COMPILATION_CONDITIONS = "DEBUG $(inherited)";
				SWIFT_OPTIMIZATION_LEVEL = "-Onone";
			};
			name = Debug;
		};
		A008000000000002 /* Release */ = {
			isa = XCBuildConfiguration;
			buildSettings = {
				ALWAYS_SEARCH_USER_PATHS = NO;
				ASSETCATALOG_COMPILER_GENERATE_SWIFT_ASSET_SYMBOL_EXTENSIONS = YES;
				CLANG_ANALYZER_NONNULL = YES;
				CLANG_ANALYZER_NUMBER_OBJECT_CONVERSION = YES_AGGRESSIVE;
				CLANG_CXX_LANGUAGE_STANDARD = "gnu++20";
				CLANG_ENABLE_MODULES = YES;
				CLANG_ENABLE_OBJC_ARC = YES;
				CLANG_ENABLE_OBJC_WEAK = YES;
				CLANG_WARN_BLOCK_CAPTURE_AUTORELEASING = YES;
				CLANG_WARN_BOOL_CONVERSION = YES;
				CLANG_WARN_COMMA = YES;
				CLANG_WARN_CONSTANT_CONVERSION = YES;
				CLANG_WARN_DEPRECATED_OBJC_IMPLEMENTATIONS = YES;
				CLANG_WARN_DIRECT_OBJC_ISA_USAGE = YES_ERROR;
				CLANG_WARN_DOCUMENTATION_COMMENTS = YES;
				CLANG_WARN_EMPTY_BODY = YES;
				CLANG_WARN_ENUM_CONVERSION = YES;
				CLANG_WARN_INFINITE_RECURSION = YES;
				CLANG_WARN_INT_CONVERSION = YES;
				CLANG_WARN_NON_LITERAL_NULL_CONVERSION = YES;
				CLANG_WARN_OBJC_IMPLICIT_RETAIN_SELF = YES;
				CLANG_WARN_OBJC_LITERAL_CONVERSION = YES;
				CLANG_WARN_OBJC_ROOT_CLASS = YES_ERROR;
				CLANG_WARN_QUOTED_INCLUDE_IN_FRAMEWORK_HEADER = YES;
				CLANG_WARN_RANGE_LOOP_ANALYSIS = YES;
				CLANG_WARN_STRICT_PROTOTYPES = YES;
				CLANG_WARN_SUSPICIOUS_MOVE = YES;
				CLANG_WARN_UNGUARDED_AVAILABILITY = YES_AGGRESSIVE;
				CLANG_WARN_UNREACHABLE_CODE = YES;
				CLANG_WARN__DUPLICATE_METHOD_MATCH = YES;
				COPY_PHASE_STRIP = NO;
				DEBUG_INFORMATION_FORMAT = "dwarf-with-dsym";
				ENABLE_NS_ASSERTIONS = NO;
				ENABLE_STRICT_OBJC_MSGSEND = YES;
				ENABLE_USER_SCRIPT_SANDBOXING = YES;
				GCC_C_LANGUAGE_STANDARD = gnu17;
				GCC_NO_COMMON_BLOCKS = YES;
				GCC_WARN_64_TO_32_BIT_CONVERSION = YES;
				GCC_WARN_ABOUT_RETURN_TYPE = YES_ERROR;
				GCC_WARN_UNDECLARED_SELECTOR = YES;
				GCC_WARN_UNINITIALIZED_AUTOS = YES_AGGRESSIVE;
				GCC_WARN_UNUSED_FUNCTION = YES;
				GCC_WARN_UNUSED_VARIABLE = YES;
				LOCALIZATION_PREFERS_STRING_CATALOGS = YES;
				MACOSX_DEPLOYMENT_TARGET = 14.0;
				MTL_ENABLE_DEBUG_INFO = NO;
				MTL_FAST_MATH = YES;
				SDKROOT = macosx;
				SWIFT_COMPILATION_MODE = wholemodule;
			};
			name = Release;
		};
		A008000000000003 /* Debug */ = {
			isa = XCBuildConfiguration;
			buildSettings = {
				ASSETCATALOG_COMPILER_APPICON_NAME = AppIcon;
				ASSETCATALOG_COMPILER_GLOBAL_ACCENT_COLOR_NAME = AccentColor;
				CODE_SIGN_ENTITLEMENTS = VTSApp/VTSApp.entitlements;
				CODE_SIGN_STYLE = Automatic;
				COMBINE_HIDPI_IMAGES = YES;
				CURRENT_PROJECT_VERSION = 1;
				DEVELOPMENT_ASSET_PATHS = "\"VTSApp/Preview Content\"";
				DEVELOPMENT_TEAM = "";
				ENABLE_HARDENED_RUNTIME = YES;
				ENABLE_PREVIEWS = YES;
				GENERATE_INFOPLIST_FILE = NO;
				INFOPLIST_FILE = VTSApp/Info.plist;
				INFOPLIST_KEY_NSHumanReadableCopyright = "";
				LD_RUNPATH_SEARCH_PATHS = (
					"$(inherited)",
					"@executable_path/../Frameworks",
				);
				MARKETING_VERSION = 0.2.0;
				PRODUCT_BUNDLE_IDENTIFIER = com.voicetypestudio.app;
				PRODUCT_NAME = "$(TARGET_NAME)";
				SWIFT_EMIT_LOC_STRINGS = YES;
				SWIFT_VERSION = 5.0;
			};
			name = Debug;
		};
		A008000000000004 /* Release */ = {
			isa = XCBuildConfiguration;
			buildSettings = {
				ASSETCATALOG_COMPILER_APPICON_NAME = AppIcon;
				ASSETCATALOG_COMPILER_GLOBAL_ACCENT_COLOR_NAME = AccentColor;
				CODE_SIGN_ENTITLEMENTS = VTSApp/VTSApp.entitlements;
				CODE_SIGN_STYLE = Automatic;
				COMBINE_HIDPI_IMAGES = YES;
				CURRENT_PROJECT_VERSION = 1;
				DEVELOPMENT_ASSET_PATHS = "\"VTSApp/Preview Content\"";
				DEVELOPMENT_TEAM = "";
				ENABLE_HARDENED_RUNTIME = YES;
				ENABLE_PREVIEWS = YES;
				GENERATE_INFOPLIST_FILE = NO;
				INFOPLIST_FILE = VTSApp/Info.plist;
				INFOPLIST_KEY_NSHumanReadableCopyright = "";
				LD_RUNPATH_SEARCH_PATHS = (
					"$(inherited)",
					"@executable_path/../Frameworks",
				);
				MARKETING_VERSION = 0.2.0;
				PRODUCT_BUNDLE_IDENTIFIER = com.voicetypestudio.app;
				PRODUCT_NAME = "$(TARGET_NAME)";
				SWIFT_EMIT_LOC_STRINGS = YES;
				SWIFT_VERSION = 5.0;
			};
			name = Release;
		};
/* End XCBuildConfiguration section */

/* Begin XCConfigurationList section */
		A006000000000001 /* Build configuration list for PBXNativeTarget "VTSApp" */ = {
			isa = XCConfigurationList;
			buildConfigurations = (
				A008000000000003 /* Debug */,
				A008000000000004 /* Release */,
			);
			defaultConfigurationIsVisible = 0;
			defaultConfigurationName = Release;
		};
		A006000000000002 /* Build configuration list for PBXProject "VTSApp" */ = {
			isa = XCConfigurationList;
			buildConfigurations = (
				A008000000000001 /* Debug */,
				A008000000000002 /* Release */,
			);
			defaultConfigurationIsVisible = 0;
			defaultConfigurationName = Release;
		};
/* End XCConfigurationList section */

/* Begin XCRemoteSwiftPackageReference section */
		A003000000000003 /* XCRemoteSwiftPackageReference "KeychainAccess" */ = {
			isa = XCRemoteSwiftPackageReference;
			repositoryURL = "https://github.com/kishikawakatsumi/KeychainAccess";
			requirement = {
				kind = upToNextMajorVersion;
				minimumVersion = 4.2.2;
			};
		};
		A003000000000004 /* XCRemoteSwiftPackageReference "KeyboardShortcuts" */ = {
			isa = XCRemoteSwiftPackageReference;
			repositoryURL = "https://github.com/sindresorhus/KeyboardShortcuts";
			requirement = {
				kind = upToNextMajorVersion;
				minimumVersion = 2.0.0;
			};
		};
/* End XCRemoteSwiftPackageReference section */

/* Begin XCSwiftPackageProduct section */
		A003000000000001 /* KeychainAccess */ = {
			isa = XCSwiftPackageProduct;
			package = A003000000000003 /* XCRemoteSwiftPackageReference "KeychainAccess" */;
			productName = KeychainAccess;
		};
		A003000000000002 /* KeyboardShortcuts */ = {
			isa = XCSwiftPackageProduct;
			package = A003000000000004 /* XCRemoteSwiftPackageReference "KeyboardShortcuts" */;
			productName = KeyboardShortcuts;
		};
/* End XCSwiftPackageProduct section */
	};
	rootObject = A007000000000001 /* Project object */;
}