// !$*UTF8*$!
{
	archiveVersion = 1;
	classes = {
	};
	objectVersion = 56;
	objects = {

/* Begin PBXBuildFile section */
		BA0001000000 /* VTSApp.swift in Sources */ = {isa = PBXBuildFile; fileRef = BA0000000001 /* VTSApp.swift */; };
		BA0001000001 /* ContentView.swift in Sources */ = {isa = PBXBuildFile; fileRef = BA0000000002 /* ContentView.swift */; };
		BA0001000002 /* AudioLevelView.swift in Sources */ = {isa = PBXBuildFile; fileRef = BA0000000003 /* AudioLevelView.swift */; };
		BA0001000003 /* SettingsWindowController.swift in Sources */ = {isa = PBXBuildFile; fileRef = BA0000000004 /* SettingsWindowController.swift */; };
		BA0001000004 /* SimpleHotkeyManager.swift in Sources */ = {isa = PBXBuildFile; fileRef = BA0000000005 /* SimpleHotkeyManager.swift */; };
		BA0001000005 /* AsyncExtensions.swift in Sources */ = {isa = PBXBuildFile; fileRef = BA0000000006 /* AsyncExtensions.swift */; };
		BA0001000006 /* ErrorTranslator.swift in Sources */ = {isa = PBXBuildFile; fileRef = BA0000000007 /* ErrorTranslator.swift */; };
		BA0001000007 /* TranscriptionModels.swift in Sources */ = {isa = PBXBuildFile; fileRef = BA0000000008 /* TranscriptionModels.swift */; };
		BA0001000008 /* RetryContext.swift in Sources */ = {isa = PBXBuildFile; fileRef = BA0000000009 /* RetryContext.swift */; };
		BA0001000009 /* OpenAIProvider.swift in Sources */ = {isa = PBXBuildFile; fileRef = BA0000000010 /* OpenAIProvider.swift */; };
		BA0001000010 /* BaseSTTProvider.swift in Sources */ = {isa = PBXBuildFile; fileRef = BA0000000011 /* BaseSTTProvider.swift */; };
		BA0001000011 /* GroqProvider.swift in Sources */ = {isa = PBXBuildFile; fileRef = BA0000000012 /* GroqProvider.swift */; };
		BA0001000012 /* NotificationManager.swift in Sources */ = {isa = PBXBuildFile; fileRef = BA0000000013 /* NotificationManager.swift */; };
		BA0001000013 /* CaptureEngine.swift in Sources */ = {isa = PBXBuildFile; fileRef = BA0000000014 /* CaptureEngine.swift */; };
		BA0001000014 /* DeviceManager.swift in Sources */ = {isa = PBXBuildFile; fileRef = BA0000000015 /* DeviceManager.swift */; };
		BA0001000015 /* TranscriptionService.swift in Sources */ = {isa = PBXBuildFile; fileRef = BA0000000016 /* TranscriptionService.swift */; };
		BA0001000016 /* STTProvider.swift in Sources */ = {isa = PBXBuildFile; fileRef = BA0000000017 /* STTProvider.swift */; };
		BA0001000017 /* Assets.xcassets in Resources */ = {isa = PBXBuildFile; fileRef = BA0000000018 /* Assets.xcassets */; };
		BA0001000018 /* Preview Assets.xcassets in Resources */ = {isa = PBXBuildFile; fileRef = BA0000000019 /* Preview Assets.xcassets */; };
		BA0001000019 /* KeychainAccess in Frameworks */ = {isa = PBXBuildFile; productRef = BA0003000001 /* KeychainAccess */; };
		BA0001000020 /* KeyboardShortcuts in Frameworks */ = {isa = PBXBuildFile; productRef = BA0003000002 /* KeyboardShortcuts */; };
/* End PBXBuildFile section */

/* Begin PBXFileReference section */
		BA0000000000 /* VTSApp.app */ = {isa = PBXFileReference; explicitFileType = wrapper.application; includeInIndex = 0; path = VTSApp.app; sourceTree = BUILT_PRODUCTS_DIR; };
		BA0000000001 /* VTSApp.swift */ = {isa = PBXFileReference; lastKnownFileType = sourcecode.swift; path = VTSApp.swift; sourceTree = "<group>"; };
		BA0000000002 /* ContentView.swift */ = {isa = PBXFileReference; lastKnownFileType = sourcecode.swift; path = ContentView.swift; sourceTree = "<group>"; };
		BA0000000003 /* AudioLevelView.swift */ = {isa = PBXFileReference; lastKnownFileType = sourcecode.swift; path = AudioLevelView.swift; sourceTree = "<group>"; };
		BA0000000004 /* SettingsWindowController.swift */ = {isa = PBXFileReference; lastKnownFileType = sourcecode.swift; path = SettingsWindowController.swift; sourceTree = "<group>"; };
		BA0000000005 /* SimpleHotkeyManager.swift */ = {isa = PBXFileReference; lastKnownFileType = sourcecode.swift; path = SimpleHotkeyManager.swift; sourceTree = "<group>"; };
		BA0000000006 /* AsyncExtensions.swift */ = {isa = PBXFileReference; lastKnownFileType = sourcecode.swift; path = AsyncExtensions.swift; sourceTree = "<group>"; };
		BA0000000007 /* ErrorTranslator.swift */ = {isa = PBXFileReference; lastKnownFileType = sourcecode.swift; path = ErrorTranslator.swift; sourceTree = "<group>"; };
		BA0000000008 /* TranscriptionModels.swift */ = {isa = PBXFileReference; lastKnownFileType = sourcecode.swift; path = TranscriptionModels.swift; sourceTree = "<group>"; };
		BA0000000009 /* RetryContext.swift */ = {isa = PBXFileReference; lastKnownFileType = sourcecode.swift; path = RetryContext.swift; sourceTree = "<group>"; };
		BA0000000010 /* OpenAIProvider.swift */ = {isa = PBXFileReference; lastKnownFileType = sourcecode.swift; path = OpenAIProvider.swift; sourceTree = "<group>"; };
		BA0000000011 /* BaseSTTProvider.swift */ = {isa = PBXFileReference; lastKnownFileType = sourcecode.swift; path = BaseSTTProvider.swift; sourceTree = "<group>"; };
		BA0000000012 /* GroqProvider.swift */ = {isa = PBXFileReference; lastKnownFileType = sourcecode.swift; path = GroqProvider.swift; sourceTree = "<group>"; };
		BA0000000013 /* NotificationManager.swift */ = {isa = PBXFileReference; lastKnownFileType = sourcecode.swift; path = NotificationManager.swift; sourceTree = "<group>"; };
		BA0000000014 /* CaptureEngine.swift */ = {isa = PBXFileReference; lastKnownFileType = sourcecode.swift; path = CaptureEngine.swift; sourceTree = "<group>"; };
		BA0000000015 /* DeviceManager.swift */ = {isa = PBXFileReference; lastKnownFileType = sourcecode.swift; path = DeviceManager.swift; sourceTree = "<group>"; };
		BA0000000016 /* TranscriptionService.swift */ = {isa = PBXFileReference; lastKnownFileType = sourcecode.swift; path = TranscriptionService.swift; sourceTree = "<group>"; };
		BA0000000017 /* STTProvider.swift */ = {isa = PBXFileReference; lastKnownFileType = sourcecode.swift; path = STTProvider.swift; sourceTree = "<group>"; };
		BA0000000018 /* Assets.xcassets */ = {isa = PBXFileReference; lastKnownFileType = folder.assetcatalog; path = Assets.xcassets; sourceTree = "<group>"; };
		BA0000000019 /* Preview Assets.xcassets */ = {isa = PBXFileReference; lastKnownFileType = folder.assetcatalog; path = "Preview Assets.xcassets"; sourceTree = "<group>"; };
		BA0000000020 /* VTSApp.entitlements */ = {isa = PBXFileReference; lastKnownFileType = text.plist.entitlements; path = VTSApp.entitlements; sourceTree = "<group>"; };
		BA0000000021 /* Info.plist */ = {isa = PBXFileReference; lastKnownFileType = text.plist.xml; path = Info.plist; sourceTree = "<group>"; };
/* End PBXFileReference section */

/* Begin PBXFrameworksBuildPhase section */
		BA0002000001 /* Frameworks */ = {
			isa = PBXFrameworksBuildPhase;
			buildActionMask = 2147483647;
			files = (
				BA0001000019 /* KeychainAccess in Frameworks */,
				BA0001000020 /* KeyboardShortcuts in Frameworks */,
			);
			runOnlyForDeploymentPostprocessing = 0;
		};
/* End PBXFrameworksBuildPhase section */

/* Begin PBXGroup section */
		BA0004000001 = {
			isa = PBXGroup;
			children = (
				BA0004000002 /* VTSApp */,
				BA0004000003 /* Products */,
			);
			sourceTree = "<group>";
		};
		BA0004000002 /* VTSApp */ = {
			isa = PBXGroup;
			children = (
				BA0000000001 /* VTSApp.swift */,
				BA0000000002 /* ContentView.swift */,
				BA0000000003 /* AudioLevelView.swift */,
				BA0000000004 /* SettingsWindowController.swift */,
				BA0000000005 /* SimpleHotkeyManager.swift */,
				BA0004000004 /* VTS */,
				BA0000000018 /* Assets.xcassets */,
				BA0004000011 /* Preview Content */,
				BA0000000020 /* VTSApp.entitlements */,
				BA0000000021 /* Info.plist */,
			);
			path = VTSApp;
			sourceTree = "<group>";
		};
		BA0004000003 /* Products */ = {
			isa = PBXGroup;
			children = (
				BA0000000000 /* VTSApp.app */,
			);
			name = Products;
			sourceTree = "<group>";
		};
		BA0004000004 /* VTS */ = {
			isa = PBXGroup;
			children = (
				BA0004000005 /* Extensions */,
				BA0004000006 /* Utils */,
				BA0004000007 /* Models */,
				BA0004000008 /* Providers */,
				BA0004000009 /* Services */,
				BA0004000010 /* Protocols */,
			);
			path = VTS;
			sourceTree = "<group>";
		};
		BA0004000005 /* Extensions */ = {
			isa = PBXGroup;
			children = (
				BA0000000006 /* AsyncExtensions.swift */,
			);
			path = Extensions;
			sourceTree = "<group>";
		};
		BA0004000006 /* Utils */ = {
			isa = PBXGroup;
			children = (
				BA0000000007 /* ErrorTranslator.swift */,
			);
			path = Utils;
			sourceTree = "<group>";
		};
		BA0004000007 /* Models */ = {
			isa = PBXGroup;
			children = (
				BA0000000008 /* TranscriptionModels.swift */,
				BA0000000009 /* RetryContext.swift */,
			);
			path = Models;
			sourceTree = "<group>";
		};
		BA0004000008 /* Providers */ = {
			isa = PBXGroup;
			children = (
				BA0000000010 /* OpenAIProvider.swift */,
				BA0000000011 /* BaseSTTProvider.swift */,
				BA0000000012 /* GroqProvider.swift */,
			);
			path = Providers;
			sourceTree = "<group>";
		};
		BA0004000009 /* Services */ = {
			isa = PBXGroup;
			children = (
				BA0000000013 /* NotificationManager.swift */,
				BA0000000014 /* CaptureEngine.swift */,
				BA0000000015 /* DeviceManager.swift */,
				BA0000000016 /* TranscriptionService.swift */,
			);
			path = Services;
			sourceTree = "<group>";
		};
		BA0004000010 /* Protocols */ = {
			isa = PBXGroup;
			children = (
				BA0000000017 /* STTProvider.swift */,
			);
			path = Protocols;
			sourceTree = "<group>";
		};
		BA0004000011 /* Preview Content */ = {
			isa = PBXGroup;
			children = (
				BA0000000019 /* Preview Assets.xcassets */,
			);
			path = "Preview Content";
			sourceTree = "<group>";
		};
/* End PBXGroup section */

/* Begin PBXNativeTarget section */
		BA0005000001 /* VTSApp */ = {
			isa = PBXNativeTarget;
			buildConfigurationList = BA0006000001 /* Build configuration list for PBXNativeTarget "VTSApp" */;
			buildPhases = (
				BA0002000002 /* Sources */,
				BA0002000001 /* Frameworks */,
				BA0002000003 /* Resources */,
			);
			buildRules = (
			);
			dependencies = (
			);
			name = VTSApp;
			packageProductDependencies = (
				BA0003000001 /* KeychainAccess */,
				BA0003000002 /* KeyboardShortcuts */,
			);
			productName = VTSApp;
			productReference = BA0000000000 /* VTSApp.app */;
			productType = "com.apple.product-type.application";
		};
/* End PBXNativeTarget section */

/* Begin PBXProject section */
		BA0007000001 /* Project object */ = {
			isa = PBXProject;
			attributes = {
				BuildIndependentTargetsInParallel = 1;
				LastSwiftUpdateCheck = 1540;
				LastUpgradeCheck = 1540;
				TargetAttributes = {
					BA0005000001 = {
						CreatedOnToolsVersion = 15.4;
					};
				};
			};
			buildConfigurationList = BA0006000002 /* Build configuration list for PBXProject "VTSApp" */;
			compatibilityVersion = "Xcode 14.0";
			developmentRegion = en;
			hasScannedForEncodings = 0;
			knownRegions = (
				en,
				Base,
			);
			mainGroup = BA0004000001;
			packageReferences = (
				BA0003000003 /* XCRemoteSwiftPackageReference "KeychainAccess" */,
				BA0003000004 /* XCRemoteSwiftPackageReference "KeyboardShortcuts" */,
			);
			productRefGroup = BA0004000003 /* Products */;
			projectDirPath = "";
			projectRoot = "";
			targets = (
				BA0005000001 /* VTSApp */,
			);
		};
/* End PBXProject section */

/* Begin PBXResourcesBuildPhase section */
		BA0002000003 /* Resources */ = {
			isa = PBXResourcesBuildPhase;
			buildActionMask = 2147483647;
			files = (
				BA0001000018 /* Preview Assets.xcassets in Resources */,
				BA0001000017 /* Assets.xcassets in Resources */,
			);
			runOnlyForDeploymentPostprocessing = 0;
		};
/* End PBXResourcesBuildPhase section */

/* Begin PBXSourcesBuildPhase section */
		BA0002000002 /* Sources */ = {
			isa = PBXSourcesBuildPhase;
			buildActionMask = 2147483647;
			files = (
				BA0001000001 /* ContentView.swift in Sources */,
				BA0001000000 /* VTSApp.swift in Sources */,
				BA0001000002 /* AudioLevelView.swift in Sources */,
				BA0001000003 /* SettingsWindowController.swift in Sources */,
				BA0001000004 /* SimpleHotkeyManager.swift in Sources */,
				BA0001000005 /* AsyncExtensions.swift in Sources */,
				BA0001000006 /* ErrorTranslator.swift in Sources */,
				BA0001000007 /* TranscriptionModels.swift in Sources */,
				BA0001000008 /* RetryContext.swift in Sources */,
				BA0001000009 /* OpenAIProvider.swift in Sources */,
				BA0001000010 /* BaseSTTProvider.swift in Sources */,
				BA0001000011 /* GroqProvider.swift in Sources */,
				BA0001000012 /* NotificationManager.swift in Sources */,
				BA0001000013 /* CaptureEngine.swift in Sources */,
				BA0001000014 /* DeviceManager.swift in Sources */,
				BA0001000015 /* TranscriptionService.swift in Sources */,
				BA0001000016 /* STTProvider.swift in Sources */,
			);
			runOnlyForDeploymentPostprocessing = 0;
		};
/* End PBXSourcesBuildPhase section */

/* Begin XCBuildConfiguration section */
		BA0008000001 /* Debug */ = {
			isa = XCBuildConfiguration;
			buildSettings = {
				ALWAYS_SEARCH_USER_PATHS = NO;
				ASSETCATALOG_COMPILER_GENERATE_SWIFT_ASSET_SYMBOL_EXTENSIONS = YES;
				CLANG_ANALYZER_NONNULL = YES;
				CLANG_ANALYZER_NUMBER_OBJECT_CONVERSION = YES_AGGRESSIVE;
				CLANG_CXX_LANGUAGE_STANDARD = "gnu++20";
				CLANG_ENABLE_MODULES = YES;
				CLANG_ENABLE_OBJC_ARC = YES;
				CLANG_ENABLE_OBJC_WEAK = YES;
				CLANG_WARN_BLOCK_CAPTURE_AUTORELEASING = YES;
				CLANG_WARN_BOOL_CONVERSION = YES;
				CLANG_WARN_COMMA = YES;
				CLANG_WARN_CONSTANT_CONVERSION = YES;
				CLANG_WARN_DEPRECATED_OBJC_IMPLEMENTATIONS = YES;
				CLANG_WARN_DIRECT_OBJC_ISA_USAGE = YES_ERROR;
				CLANG_WARN_DOCUMENTATION_COMMENTS = YES;
				CLANG_WARN_EMPTY_BODY = YES;
				CLANG_WARN_ENUM_CONVERSION = YES;
				CLANG_WARN_INFINITE_RECURSION = YES;
				CLANG_WARN_INT_CONVERSION = YES;
				CLANG_WARN_NON_LITERAL_NULL_CONVERSION = YES;
				CLANG_WARN_OBJC_IMPLICIT_RETAIN_SELF = YES;
				CLANG_WARN_OBJC_LITERAL_CONVERSION = YES;
				CLANG_WARN_OBJC_ROOT_CLASS = YES_ERROR;
				CLANG_WARN_QUOTED_INCLUDE_IN_FRAMEWORK_HEADER = YES;
				CLANG_WARN_RANGE_LOOP_ANALYSIS = YES;
				CLANG_WARN_STRICT_PROTOTYPES = YES;
				CLANG_WARN_SUSPICIOUS_MOVE = YES;
				CLANG_WARN_UNGUARDED_AVAILABILITY = YES_AGGRESSIVE;
				CLANG_WARN_UNREACHABLE_CODE = YES;
				CLANG_WARN__DUPLICATE_METHOD_MATCH = YES;
				COPY_PHASE_STRIP = NO;
				DEBUG_INFORMATION_FORMAT = dwarf;
				ENABLE_STRICT_OBJC_MSGSEND = YES;
				ENABLE_TESTABILITY = YES;
				ENABLE_USER_SCRIPT_SANDBOXING = YES;
				GCC_C_LANGUAGE_STANDARD = gnu17;
				GCC_DYNAMIC_NO_PIC = NO;
				GCC_NO_COMMON_BLOCKS = YES;
				GCC_OPTIMIZATION_LEVEL = 0;
				GCC_PREPROCESSOR_DEFINITIONS = (
					"DEBUG=1",
					"$(inherited)",
				);
				GCC_WARN_64_TO_32_BIT_CONVERSION = YES;
				GCC_WARN_ABOUT_RETURN_TYPE = YES_ERROR;
				GCC_WARN_UNDECLARED_SELECTOR = YES;
				GCC_WARN_UNINITIALIZED_AUTOS = YES_AGGRESSIVE;
				GCC_WARN_UNUSED_FUNCTION = YES;
				GCC_WARN_UNUSED_VARIABLE = YES;
				LOCALIZATION_PREFERS_STRING_CATALOGS = YES;
				MACOSX_DEPLOYMENT_TARGET = 14.0;
				MTL_ENABLE_DEBUG_INFO = INCLUDE_SOURCE;
				MTL_FAST_MATH = YES;
				ONLY_ACTIVE_ARCH = YES;
				SDKROOT = macosx;
				SWIFT_ACTIVE_COMPILATION_CONDITIONS = "DEBUG $(inherited)";
				SWIFT_OPTIMIZATION_LEVEL = "-Onone";
			};
			name = Debug;
		};
		BA0008000002 /* Release */ = {
			isa = XCBuildConfiguration;
			buildSettings = {
				ALWAYS_SEARCH_USER_PATHS = NO;
				ASSETCATALOG_COMPILER_GENERATE_SWIFT_ASSET_SYMBOL_EXTENSIONS = YES;
				CLANG_ANALYZER_NONNULL = YES;
				CLANG_ANALYZER_NUMBER_OBJECT_CONVERSION = YES_AGGRESSIVE;
				CLANG_CXX_LANGUAGE_STANDARD = "gnu++20";
				CLANG_ENABLE_MODULES = YES;
				CLANG_ENABLE_OBJC_ARC = YES;
				CLANG_ENABLE_OBJC_WEAK = YES;
				CLANG_WARN_BLOCK_CAPTURE_AUTORELEASING = YES;
				CLANG_WARN_BOOL_CONVERSION = YES;
				CLANG_WARN_COMMA = YES;
				CLANG_WARN_CONSTANT_CONVERSION = YES;
				CLANG_WARN_DEPRECATED_OBJC_IMPLEMENTATIONS = YES;
				CLANG_WARN_DIRECT_OBJC_ISA_USAGE = YES_ERROR;
				CLANG_WARN_DOCUMENTATION_COMMENTS = YES;
				CLANG_WARN_EMPTY_BODY = YES;
				CLANG_WARN_ENUM_CONVERSION = YES;
				CLANG_WARN_INFINITE_RECURSION = YES;
				CLANG_WARN_INT_CONVERSION = YES;
				CLANG_WARN_NON_LITERAL_NULL_CONVERSION = YES;
				CLANG_WARN_OBJC_IMPLICIT_RETAIN_SELF = YES;
				CLANG_WARN_OBJC_LITERAL_CONVERSION = YES;
				CLANG_WARN_OBJC_ROOT_CLASS = YES_ERROR;
				CLANG_WARN_QUOTED_INCLUDE_IN_FRAMEWORK_HEADER = YES;
				CLANG_WARN_RANGE_LOOP_ANALYSIS = YES;
				CLANG_WARN_STRICT_PROTOTYPES = YES;
				CLANG_WARN_SUSPICIOUS_MOVE = YES;
				CLANG_WARN_UNGUARDED_AVAILABILITY = YES_AGGRESSIVE;
				CLANG_WARN_UNREACHABLE_CODE = YES;
				CLANG_WARN__DUPLICATE_METHOD_MATCH = YES;
				COPY_PHASE_STRIP = NO;
				DEBUG_INFORMATION_FORMAT = "dwarf-with-dsym";
				ENABLE_NS_ASSERTIONS = NO;
				ENABLE_STRICT_OBJC_MSGSEND = YES;
				ENABLE_USER_SCRIPT_SANDBOXING = YES;
				GCC_C_LANGUAGE_STANDARD = gnu17;
				GCC_NO_COMMON_BLOCKS = YES;
				GCC_WARN_64_TO_32_BIT_CONVERSION = YES;
				GCC_WARN_ABOUT_RETURN_TYPE = YES_ERROR;
				GCC_WARN_UNDECLARED_SELECTOR = YES;
				GCC_WARN_UNINITIALIZED_AUTOS = YES_AGGRESSIVE;
				GCC_WARN_UNUSED_FUNCTION = YES;
				GCC_WARN_UNUSED_VARIABLE = YES;
				LOCALIZATION_PREFERS_STRING_CATALOGS = YES;
				MACOSX_DEPLOYMENT_TARGET = 14.0;
				MTL_ENABLE_DEBUG_INFO = NO;
				MTL_FAST_MATH = YES;
				SDKROOT = macosx;
				SWIFT_COMPILATION_MODE = wholemodule;
			};
			name = Release;
		};
		BA0008000003 /* Debug */ = {
			isa = XCBuildConfiguration;
			buildSettings = {
				ASSETCATALOG_COMPILER_APPICON_NAME = AppIcon;
				ASSETCATALOG_COMPILER_GLOBAL_ACCENT_COLOR_NAME = AccentColor;
				CODE_SIGN_ENTITLEMENTS = VTSApp/VTSApp.entitlements;
				CODE_SIGN_STYLE = Automatic;
				COMBINE_HIDPI_IMAGES = YES;
				CURRENT_PROJECT_VERSION = 1;
				DEVELOPMENT_ASSET_PATHS = "\"VTSApp/Preview Content\"";
				DEVELOPMENT_TEAM = "";
				ENABLE_HARDENED_RUNTIME = YES;
				ENABLE_PREVIEWS = YES;
				GENERATE_INFOPLIST_FILE = NO;
				INFOPLIST_FILE = VTSApp/Info.plist;
				INFOPLIST_KEY_NSHumanReadableCopyright = "";
				INFOPLIST_KEY_NSMicrophoneUsageDescription = "This app needs microphone access to capture audio for transcription.";
				LD_RUNPATH_SEARCH_PATHS = (
					"$(inherited)",
					"@executable_path/../Frameworks",
				);
				MARKETING_VERSION = 1.0;
				PRODUCT_BUNDLE_IDENTIFIER = com.voicetypestudio.app;
				PRODUCT_NAME = "$(TARGET_NAME)";
				SWIFT_EMIT_LOC_STRINGS = YES;
				SWIFT_VERSION = 5.0;
			};
			name = Debug;
		};
		BA0008000004 /* Release */ = {
			isa = XCBuildConfiguration;
			buildSettings = {
				ASSETCATALOG_COMPILER_APPICON_NAME = AppIcon;
				ASSETCATALOG_COMPILER_GLOBAL_ACCENT_COLOR_NAME = AccentColor;
				CODE_SIGN_ENTITLEMENTS = VTSApp/VTSApp.entitlements;
				CODE_SIGN_STYLE = Automatic;
				COMBINE_HIDPI_IMAGES = YES;
				CURRENT_PROJECT_VERSION = 1;
				DEVELOPMENT_ASSET_PATHS = "\"VTSApp/Preview Content\"";
				DEVELOPMENT_TEAM = "";
				ENABLE_HARDENED_RUNTIME = YES;
				ENABLE_PREVIEWS = YES;
				GENERATE_INFOPLIST_FILE = NO;
				INFOPLIST_FILE = VTSApp/Info.plist;
				INFOPLIST_KEY_NSHumanReadableCopyright = "";
				INFOPLIST_KEY_NSMicrophoneUsageDescription = "This app needs microphone access to capture audio for transcription.";
				LD_RUNPATH_SEARCH_PATHS = (
					"$(inherited)",
					"@executable_path/../Frameworks",
				);
				MARKETING_VERSION = 1.0;
				PRODUCT_BUNDLE_IDENTIFIER = com.voicetypestudio.app;
				PRODUCT_NAME = "$(TARGET_NAME)";
				SWIFT_EMIT_LOC_STRINGS = YES;
				SWIFT_VERSION = 5.0;
			};
			name = Release;
		};
/* End XCBuildConfiguration section */

/* Begin XCConfigurationList section */
		BA0006000001 /* Build configuration list for PBXNativeTarget "VTSApp" */ = {
			isa = XCConfigurationList;
			buildConfigurations = (
				BA0008000003 /* Debug */,
				BA0008000004 /* Release */,
			);
			defaultConfigurationIsVisible = 0;
			defaultConfigurationName = Release;
		};
		BA0006000002 /* Build configuration list for PBXProject "VTSApp" */ = {
			isa = XCConfigurationList;
			buildConfigurations = (
				BA0008000001 /* Debug */,
				BA0008000002 /* Release */,
			);
			defaultConfigurationIsVisible = 0;
			defaultConfigurationName = Release;
		};
/* End XCConfigurationList section */

/* Begin XCRemoteSwiftPackageReference section */
		BA0003000003 /* XCRemoteSwiftPackageReference "KeychainAccess" */ = {
			isa = XCRemoteSwiftPackageReference;
			repositoryURL = "https://github.com/kishikawakatsumi/KeychainAccess";
			requirement = {
				kind = upToNextMajorVersion;
				minimumVersion = 4.2.2;
			};
		};
		BA0003000004 /* XCRemoteSwiftPackageReference "KeyboardShortcuts" */ = {
			isa = XCRemoteSwiftPackageReference;
			repositoryURL = "https://github.com/sindresorhus/KeyboardShortcuts";
			requirement = {
				kind = upToNextMajorVersion;
				minimumVersion = 2.0.0;
			};
		};
/* End XCRemoteSwiftPackageReference section */

/* Begin XCSwiftPackageProductDependency section */
		BA0003000001 /* KeychainAccess */ = {
			isa = XCSwiftPackageProductDependency;
			package = BA0003000003 /* XCRemoteSwiftPackageReference "KeychainAccess" */;
			productName = KeychainAccess;
		};
		BA0003000002 /* KeyboardShortcuts */ = {
			isa = XCSwiftPackageProductDependency;
			package = BA0003000004 /* XCRemoteSwiftPackageReference "KeyboardShortcuts" */;
			productName = KeyboardShortcuts;
		};
/* End XCSwiftPackageProductDependency section */
	};
	rootObject = BA0007000001 /* Project object */;
}